
Microsoft Visual Studio Solution File, Format Version 12.00
Project("{FAE04EC0-301F-11D3-BF4B-00C04F79EFBC}") = "Mock", "Mock\Mock.csproj", "{5F777606-75D5-4865-B621-7688948CD801}"
EndProject
Global
	GlobalSection(SolutionConfigurationPlatforms) = preSolution
		Debug|Any CPU = Debug|Any CPU
		Release|Any CPU = Release|Any CPU
	EndGlobalSection
	GlobalSection(ProjectConfigurationPlatforms) = postSolution
		{5F777606-75D5-4865-B621-7688948CD801}.Debug|Any CPU.ActiveCfg = Debug|Any CPU
		{5F777606-75D5-4865-B621-7688948CD801}.Debug|Any CPU.Build.0 = Debug|Any CPU
		{5F777606-75D5-4865-B621-7688948CD801}.Release|Any CPU.ActiveCfg = Release|Any CPU
		{5F777606-75D5-4865-B621-7688948CD801}.Release|Any CPU.Build.0 = Release|Any CPU
	EndGlobalSection
EndGlobal
